
Microsoft Visual Studio Solution File, Format Version 12.00
# Visual Studio Version 17
VisualStudioVersion = 17.9.34622.214
MinimumVisualStudioVersion = 10.0.40219.1
Project("{FAE04EC0-301F-11D3-BF4B-00C04F79EFBC}") = "webapi tutorial", "webapi tutorial.csproj", "{F82F827F-DC5E-48D7-9BA1-DCF45354D293}"
EndProject
Global
	GlobalSection(SolutionConfigurationPlatforms) = preSolution
		Debug|Any CPU = Debug|Any CPU
		Release|Any CPU = Release|Any CPU
	EndGlobalSection
	GlobalSection(ProjectConfigurationPlatforms) = postSolution
		{F82F827F-DC5E-48D7-9BA1-DCF45354D293}.Debug|Any CPU.ActiveCfg = Debug|Any CPU
		{F82F827F-DC5E-48D7-9BA1-DCF45354D293}.Debug|Any CPU.Build.0 = Debug|Any CPU
		{F82F827F-DC5E-48D7-9BA1-DCF45354D293}.Release|Any CPU.ActiveCfg = Release|Any CPU
		{F82F827F-DC5E-48D7-9BA1-DCF45354D293}.Release|Any CPU.Build.0 = Release|Any CPU
	EndGlobalSection
	GlobalSection(SolutionProperties) = preSolution
		HideSolutionNode = FALSE
	EndGlobalSection
	GlobalSection(ExtensibilityGlobals) = postSolution
		SolutionGuid = {856A5E1A-5204-4878-BC56-E71E59AB2F6F}
	EndGlobalSection
EndGlobal
